
Microsoft Visual Studio Solution File, Format Version 12.00
# Visual Studio 15
VisualStudioVersion = 15.0.27004.2002
MinimumVisualStudioVersion = 10.0.40219.1
Project("{FAE04EC0-301F-11D3-BF4B-00C04F79EFBC}") = "Mills.ConsoleClient", "Mills\Mills.ConsoleClient.csproj", "{E0B05326-1A7B-42EF-8CC8-B61A15E97AD6}"
EndProject
Project("{FAE04EC0-301F-11D3-BF4B-00C04F79EFBC}") = "Mills.Tests", "Mills.Tests\Mills.Tests.csproj", "{607AC931-B6B1-483F-973D-33492AE36A94}"
EndProject
Project("{FAE04EC0-301F-11D3-BF4B-00C04F79EFBC}") = "Mills.Ai.Simple", "Mills.Ai.Simple\Mills.Ai.Simple.csproj", "{9D06BBA1-0F77-43EC-9501-D9899EE81C9C}"
EndProject
Project("{FAE04EC0-301F-11D3-BF4B-00C04F79EFBC}") = "Mills.Ai.Tests", "Mills.Ai.Tests\Mills.Ai.Tests.csproj", "{7F0B7B7D-AB24-4B78-82F1-53498AEED72F}"
EndProject
Project("{FAE04EC0-301F-11D3-BF4B-00C04F79EFBC}") = "Mills.Rules", "Mills.Rules\Mills.Rules.csproj", "{29A5C62A-A2B8-429E-B23C-D45D133A7750}"
EndProject
Project("{FAE04EC0-301F-11D3-BF4B-00C04F79EFBC}") = "Mills.Rules.Contract", "Mills.Rules.Contract\Mills.Rules.Contract.csproj", "{2CB60C35-2457-4C58-87A8-B77F8777DEBB}"
EndProject
Project("{FAE04EC0-301F-11D3-BF4B-00C04F79EFBC}") = "Mills.Board.Logic", "Mills.Board\Mills.Board.Logic.csproj", "{A0F41C4D-3923-4414-AA8A-FA02344A7BCB}"
EndProject
Project("{FAE04EC0-301F-11D3-BF4B-00C04F79EFBC}") = "Mills.Game.Contract", "Mills.Game.Contract\Mills.Game.Contract.csproj", "{03B448F7-809D-47F0-A272-E7D432A60ED3}"
EndProject
Project("{FAE04EC0-301F-11D3-BF4B-00C04F79EFBC}") = "Mills.Game", "Mills.Game\Mills.Game.csproj", "{2C910064-5968-4FC0-A9BD-A41C6AA1EC9F}"
EndProject
Project("{2150E333-8FDC-42A3-9474-1A3956D46DE8}") = "Ui", "Ui", "{B8659269-18DE-4783-9F3B-83A026743050}"
EndProject
Project("{2150E333-8FDC-42A3-9474-1A3956D46DE8}") = "Logic", "Logic", "{E83018E2-D56A-45C5-9A92-A76CE8BDDD4A}"
EndProject
Project("{2150E333-8FDC-42A3-9474-1A3956D46DE8}") = "Data", "Data", "{BA979968-5DFD-441F-94EA-D73E0E4224CD}"
EndProject
Project("{2150E333-8FDC-42A3-9474-1A3956D46DE8}") = "CrossCutting", "CrossCutting", "{8FB74587-A48E-4A5A-914E-1A768D819AA5}"
EndProject
Project("{2150E333-8FDC-42A3-9474-1A3956D46DE8}") = "Infrastructure", "Infrastructure", "{B4505F0D-6959-415B-B39D-B9D4696A21A3}"
EndProject
Project("{FAE04EC0-301F-11D3-BF4B-00C04F79EFBC}") = "Mills.Board.Logic.Contract", "Mills.Board.Logic.Contract\Mills.Board.Logic.Contract.csproj", "{09BC8845-61F2-4370-A771-740FDCA7431C}"
EndProject
Project("{FAE04EC0-301F-11D3-BF4B-00C04F79EFBC}") = "Mills.Game.Data.Contract", "Mills.Game.Data.Contract\Mills.Game.Data.Contract.csproj", "{EC013F8B-7E7D-4040-96F3-EE4CC7CA90A7}"
EndProject
Project("{FAE04EC0-301F-11D3-BF4B-00C04F79EFBC}") = "Mills.Utils", "Mills.Utils\Mills.Utils.csproj", "{D9467490-7670-4F7B-BC4E-0C14E4E2998E}"
EndProject
Global
	GlobalSection(SolutionConfigurationPlatforms) = preSolution
		Debug|Any CPU = Debug|Any CPU
		Release|Any CPU = Release|Any CPU
	EndGlobalSection
	GlobalSection(ProjectConfigurationPlatforms) = postSolution
		{E0B05326-1A7B-42EF-8CC8-B61A15E97AD6}.Debug|Any CPU.ActiveCfg = Debug|Any CPU
		{E0B05326-1A7B-42EF-8CC8-B61A15E97AD6}.Debug|Any CPU.Build.0 = Debug|Any CPU
		{E0B05326-1A7B-42EF-8CC8-B61A15E97AD6}.Release|Any CPU.ActiveCfg = Release|Any CPU
		{E0B05326-1A7B-42EF-8CC8-B61A15E97AD6}.Release|Any CPU.Build.0 = Release|Any CPU
		{607AC931-B6B1-483F-973D-33492AE36A94}.Debug|Any CPU.ActiveCfg = Debug|Any CPU
		{607AC931-B6B1-483F-973D-33492AE36A94}.Debug|Any CPU.Build.0 = Debug|Any CPU
		{607AC931-B6B1-483F-973D-33492AE36A94}.Release|Any CPU.ActiveCfg = Release|Any CPU
		{607AC931-B6B1-483F-973D-33492AE36A94}.Release|Any CPU.Build.0 = Release|Any CPU
		{9D06BBA1-0F77-43EC-9501-D9899EE81C9C}.Debug|Any CPU.ActiveCfg = Debug|Any CPU
		{9D06BBA1-0F77-43EC-9501-D9899EE81C9C}.Debug|Any CPU.Build.0 = Debug|Any CPU
		{9D06BBA1-0F77-43EC-9501-D9899EE81C9C}.Release|Any CPU.ActiveCfg = Release|Any CPU
		{9D06BBA1-0F77-43EC-9501-D9899EE81C9C}.Release|Any CPU.Build.0 = Release|Any CPU
		{7F0B7B7D-AB24-4B78-82F1-53498AEED72F}.Debug|Any CPU.ActiveCfg = Debug|Any CPU
		{7F0B7B7D-AB24-4B78-82F1-53498AEED72F}.Debug|Any CPU.Build.0 = Debug|Any CPU
		{7F0B7B7D-AB24-4B78-82F1-53498AEED72F}.Release|Any CPU.ActiveCfg = Release|Any CPU
		{7F0B7B7D-AB24-4B78-82F1-53498AEED72F}.Release|Any CPU.Build.0 = Release|Any CPU
		{29A5C62A-A2B8-429E-B23C-D45D133A7750}.Debug|Any CPU.ActiveCfg = Debug|Any CPU
		{29A5C62A-A2B8-429E-B23C-D45D133A7750}.Debug|Any CPU.Build.0 = Debug|Any CPU
		{29A5C62A-A2B8-429E-B23C-D45D133A7750}.Release|Any CPU.ActiveCfg = Release|Any CPU
		{29A5C62A-A2B8-429E-B23C-D45D133A7750}.Release|Any CPU.Build.0 = Release|Any CPU
		{2CB60C35-2457-4C58-87A8-B77F8777DEBB}.Debug|Any CPU.ActiveCfg = Debug|Any CPU
		{2CB60C35-2457-4C58-87A8-B77F8777DEBB}.Debug|Any CPU.Build.0 = Debug|Any CPU
		{2CB60C35-2457-4C58-87A8-B77F8777DEBB}.Release|Any CPU.ActiveCfg = Release|Any CPU
		{2CB60C35-2457-4C58-87A8-B77F8777DEBB}.Release|Any CPU.Build.0 = Release|Any CPU
		{A0F41C4D-3923-4414-AA8A-FA02344A7BCB}.Debug|Any CPU.ActiveCfg = Debug|Any CPU
		{A0F41C4D-3923-4414-AA8A-FA02344A7BCB}.Debug|Any CPU.Build.0 = Debug|Any CPU
		{A0F41C4D-3923-4414-AA8A-FA02344A7BCB}.Release|Any CPU.ActiveCfg = Release|Any CPU
		{A0F41C4D-3923-4414-AA8A-FA02344A7BCB}.Release|Any CPU.Build.0 = Release|Any CPU
		{03B448F7-809D-47F0-A272-E7D432A60ED3}.Debug|Any CPU.ActiveCfg = Debug|Any CPU
		{03B448F7-809D-47F0-A272-E7D432A60ED3}.Debug|Any CPU.Build.0 = Debug|Any CPU
		{03B448F7-809D-47F0-A272-E7D432A60ED3}.Release|Any CPU.ActiveCfg = Release|Any CPU
		{03B448F7-809D-47F0-A272-E7D432A60ED3}.Release|Any CPU.Build.0 = Release|Any CPU
		{2C910064-5968-4FC0-A9BD-A41C6AA1EC9F}.Debug|Any CPU.ActiveCfg = Debug|Any CPU
		{2C910064-5968-4FC0-A9BD-A41C6AA1EC9F}.Debug|Any CPU.Build.0 = Debug|Any CPU
		{2C910064-5968-4FC0-A9BD-A41C6AA1EC9F}.Release|Any CPU.ActiveCfg = Release|Any CPU
		{2C910064-5968-4FC0-A9BD-A41C6AA1EC9F}.Release|Any CPU.Build.0 = Release|Any CPU
		{09BC8845-61F2-4370-A771-740FDCA7431C}.Debug|Any CPU.ActiveCfg = Debug|Any CPU
		{09BC8845-61F2-4370-A771-740FDCA7431C}.Debug|Any CPU.Build.0 = Debug|Any CPU
		{09BC8845-61F2-4370-A771-740FDCA7431C}.Release|Any CPU.ActiveCfg = Release|Any CPU
		{09BC8845-61F2-4370-A771-740FDCA7431C}.Release|Any CPU.Build.0 = Release|Any CPU
		{EC013F8B-7E7D-4040-96F3-EE4CC7CA90A7}.Debug|Any CPU.ActiveCfg = Debug|Any CPU
		{EC013F8B-7E7D-4040-96F3-EE4CC7CA90A7}.Debug|Any CPU.Build.0 = Debug|Any CPU
		{EC013F8B-7E7D-4040-96F3-EE4CC7CA90A7}.Release|Any CPU.ActiveCfg = Release|Any CPU
		{EC013F8B-7E7D-4040-96F3-EE4CC7CA90A7}.Release|Any CPU.Build.0 = Release|Any CPU
		{D9467490-7670-4F7B-BC4E-0C14E4E2998E}.Debug|Any CPU.ActiveCfg = Debug|Any CPU
		{D9467490-7670-4F7B-BC4E-0C14E4E2998E}.Debug|Any CPU.Build.0 = Debug|Any CPU
		{D9467490-7670-4F7B-BC4E-0C14E4E2998E}.Release|Any CPU.ActiveCfg = Release|Any CPU
		{D9467490-7670-4F7B-BC4E-0C14E4E2998E}.Release|Any CPU.Build.0 = Release|Any CPU
	EndGlobalSection
	GlobalSection(SolutionProperties) = preSolution
		HideSolutionNode = FALSE
	EndGlobalSection
	GlobalSection(NestedProjects) = preSolution
		{E0B05326-1A7B-42EF-8CC8-B61A15E97AD6} = {B8659269-18DE-4783-9F3B-83A026743050}
		{607AC931-B6B1-483F-973D-33492AE36A94} = {E83018E2-D56A-45C5-9A92-A76CE8BDDD4A}
		{9D06BBA1-0F77-43EC-9501-D9899EE81C9C} = {E83018E2-D56A-45C5-9A92-A76CE8BDDD4A}
		{7F0B7B7D-AB24-4B78-82F1-53498AEED72F} = {E83018E2-D56A-45C5-9A92-A76CE8BDDD4A}
		{29A5C62A-A2B8-429E-B23C-D45D133A7750} = {E83018E2-D56A-45C5-9A92-A76CE8BDDD4A}
		{2CB60C35-2457-4C58-87A8-B77F8777DEBB} = {E83018E2-D56A-45C5-9A92-A76CE8BDDD4A}
		{A0F41C4D-3923-4414-AA8A-FA02344A7BCB} = {E83018E2-D56A-45C5-9A92-A76CE8BDDD4A}
		{03B448F7-809D-47F0-A272-E7D432A60ED3} = {E83018E2-D56A-45C5-9A92-A76CE8BDDD4A}
		{2C910064-5968-4FC0-A9BD-A41C6AA1EC9F} = {E83018E2-D56A-45C5-9A92-A76CE8BDDD4A}
		{09BC8845-61F2-4370-A771-740FDCA7431C} = {E83018E2-D56A-45C5-9A92-A76CE8BDDD4A}
		{EC013F8B-7E7D-4040-96F3-EE4CC7CA90A7} = {BA979968-5DFD-441F-94EA-D73E0E4224CD}
		{D9467490-7670-4F7B-BC4E-0C14E4E2998E} = {E83018E2-D56A-45C5-9A92-A76CE8BDDD4A}
	EndGlobalSection
	GlobalSection(ExtensibilityGlobals) = postSolution
		SolutionGuid = {07AAF184-574C-4A92-BA55-85461DF86196}
	EndGlobalSection
EndGlobal
